
Microsoft Visual Studio Solution File, Format Version 12.00
# Visual Studio 14
VisualStudioVersion = 14.0.25420.1
MinimumVisualStudioVersion = 10.0.40219.1
Project("{FAE04EC0-301F-11D3-BF4B-00C04F79EFBC}") = "Transformers.Services", "Transformers.Services\Transformers.Services.csproj", "{D3A08EDC-BD53-4529-AFDD-71AF63A90AE3}"
EndProject
Project("{FAE04EC0-301F-11D3-BF4B-00C04F79EFBC}") = "Transformers.Client.Console", "Transformers.Client.Console\Transformers.Client.Console.csproj", "{D2D066AE-4D00-4F55-9F1B-F7461A691668}"
EndProject
Project("{FAE04EC0-301F-11D3-BF4B-00C04F79EFBC}") = "Transformers.Client.WebApp", "Transformers.Client.WebApp\Transformers.Client.WebApp.csproj", "{66A60F98-125A-414E-988A-B7E3CD5DC590}"
EndProject
Global
	GlobalSection(SolutionConfigurationPlatforms) = preSolution
		Debug|Any CPU = Debug|Any CPU
		Release|Any CPU = Release|Any CPU
	EndGlobalSection
	GlobalSection(ProjectConfigurationPlatforms) = postSolution
		{D3A08EDC-BD53-4529-AFDD-71AF63A90AE3}.Debug|Any CPU.ActiveCfg = Debug|Any CPU
		{D3A08EDC-BD53-4529-AFDD-71AF63A90AE3}.Debug|Any CPU.Build.0 = Debug|Any CPU
		{D3A08EDC-BD53-4529-AFDD-71AF63A90AE3}.Release|Any CPU.ActiveCfg = Release|Any CPU
		{D3A08EDC-BD53-4529-AFDD-71AF63A90AE3}.Release|Any CPU.Build.0 = Release|Any CPU
		{D2D066AE-4D00-4F55-9F1B-F7461A691668}.Debug|Any CPU.ActiveCfg = Debug|Any CPU
		{D2D066AE-4D00-4F55-9F1B-F7461A691668}.Debug|Any CPU.Build.0 = Debug|Any CPU
		{D2D066AE-4D00-4F55-9F1B-F7461A691668}.Release|Any CPU.ActiveCfg = Release|Any CPU
		{D2D066AE-4D00-4F55-9F1B-F7461A691668}.Release|Any CPU.Build.0 = Release|Any CPU
		{66A60F98-125A-414E-988A-B7E3CD5DC590}.Debug|Any CPU.ActiveCfg = Debug|Any CPU
		{66A60F98-125A-414E-988A-B7E3CD5DC590}.Debug|Any CPU.Build.0 = Debug|Any CPU
		{66A60F98-125A-414E-988A-B7E3CD5DC590}.Release|Any CPU.ActiveCfg = Release|Any CPU
		{66A60F98-125A-414E-988A-B7E3CD5DC590}.Release|Any CPU.Build.0 = Release|Any CPU
	EndGlobalSection
	GlobalSection(SolutionProperties) = preSolution
		HideSolutionNode = FALSE
	EndGlobalSection
EndGlobal
